PODS:
  - IQKeyboardManagerSwift (4.0.0)
  - SwiftValidator (3.0.1)

DEPENDENCIES:
  - IQKeyboardManagerSwift
  - SwiftValidator (= 3.0.1)

SPEC CHECKSUMS:
  IQKeyboardManagerSwift: ede2a27b4e1ce053d03073b9c7fa439322f5e405
  SwiftValidator: c59223144754045d7691febdc3b3ecc2e73b609c

COCOAPODS: 0.39.0
